Microsoft Visual Studio Solution File, Format Version 12.00
# Visual Studio Version 17
VisualStudioVersion = 17.5.2.0
MinimumVisualStudioVersion = 10.0.40219.1
Project("{2150E333-8FDC-42A3-9474-1A3956D46DE8}") = "gcr-codebase", "gcr-codebase", "{E6A42168-9B69-3142-E48A-0E4828940C2B}"
EndProject
Project("{2150E333-8FDC-42A3-9474-1A3956D46DE8}") = "scenario-based", "scenario-based", "{34091632-2B66-5354-CD3A-5324AE36FC84}"
EndProject
Project("{2150E333-8FDC-42A3-9474-1A3956D46DE8}") = "connect-db", "connect-db", "{F3DAF61F-222D-13FD-F64E-BE5AAAF78277}"
EndProject
Project("{FAE04EC0-301F-11D3-BF4B-00C04F79EFBC}") = "college-management", "gcr-codebase\connect-db\college-management.csproj", "{C7788DE1-0AD0-FA20-E167-75FEC8A7B416}"
EndProject
Project("{FAE04EC0-301F-11D3-BF4B-00C04F79EFBC}") = "health-care", "scenario-based\health-care\health-care.csproj", "{6840818C-EE39-C4C4-B46C-FF5745A54DC9}"
EndProject
Global
	GlobalSection(SolutionConfigurationPlatforms) = preSolution
		Debug|Any CPU = Debug|Any CPU
		Release|Any CPU = Release|Any CPU
	EndGlobalSection
	GlobalSection(ProjectConfigurationPlatforms) = postSolution
		{C7788DE1-0AD0-FA20-E167-75FEC8A7B416}.Debug|Any CPU.ActiveCfg = Debug|Any CPU
		{C7788DE1-0AD0-FA20-E167-75FEC8A7B416}.Debug|Any CPU.Build.0 = Debug|Any CPU
		{C7788DE1-0AD0-FA20-E167-75FEC8A7B416}.Release|Any CPU.ActiveCfg = Release|Any CPU
		{C7788DE1-0AD0-FA20-E167-75FEC8A7B416}.Release|Any CPU.Build.0 = Release|Any CPU
		{6840818C-EE39-C4C4-B46C-FF5745A54DC9}.Debug|Any CPU.ActiveCfg = Debug|Any CPU
		{6840818C-EE39-C4C4-B46C-FF5745A54DC9}.Debug|Any CPU.Build.0 = Debug|Any CPU
		{6840818C-EE39-C4C4-B46C-FF5745A54DC9}.Release|Any CPU.ActiveCfg = Release|Any CPU
		{6840818C-EE39-C4C4-B46C-FF5745A54DC9}.Release|Any CPU.Build.0 = Release|Any CPU
	EndGlobalSection
	GlobalSection(SolutionProperties) = preSolution
		HideSolutionNode = FALSE
	EndGlobalSection
	GlobalSection(NestedProjects) = preSolution
		{F3DAF61F-222D-13FD-F64E-BE5AAAF78277} = {E6A42168-9B69-3142-E48A-0E4828940C2B}
		{C7788DE1-0AD0-FA20-E167-75FEC8A7B416} = {F3DAF61F-222D-13FD-F64E-BE5AAAF78277}
		{6840818C-EE39-C4C4-B46C-FF5745A54DC9} = {34091632-2B66-5354-CD3A-5324AE36FC84}
	EndGlobalSection
	GlobalSection(ExtensibilityGlobals) = postSolution
		SolutionGuid = {7E9A7A9C-9482-4773-9CBE-55613EA6EA6F}
	EndGlobalSection
EndGlobal
